// !$*UTF8*$!
{
	archiveVersion = 1;
	classes = {
	};
	objectVersion = 46;
	objects = {

/* Begin PBXBuildFile section */
		EB0D199A165D9C40008E2FFB /* Default-568h@2x.png in Resources */ = {isa = PBXBuildFile; fileRef = EB0D1999165D9C40008E2FFB /* Default-568h@2x.png */; };
		EB0D199C165DABEE008E2FFB /* libsqlite3.dylib in Frameworks */ = {isa = PBXBuildFile; fileRef = EB0D199B165DABEE008E2FFB /* libsqlite3.dylib */; };
		EB39391816654A4E00580A4E /* GTMNSString+HTML.m in Sources */ = {isa = PBXBuildFile; fileRef = EB3938FC16654A4E00580A4E /* GTMNSString+HTML.m */; settings = {COMPILER_FLAGS = "-fno-objc-arc"; }; };
		EB39391916654A4E00580A4E /* NSString+HTML.m in Sources */ = {isa = PBXBuildFile; fileRef = EB3938FE16654A4E00580A4E /* NSString+HTML.m */; settings = {COMPILER_FLAGS = "-fno-objc-arc -w"; }; };
		EB39391A16654A4E00580A4E /* FacingView.m in Sources */ = {isa = PBXBuildFile; fileRef = EB39390216654A4E00580A4E /* FacingView.m */; };
		EB39391B16654A4E00580A4E /* FoldView.m in Sources */ = {isa = PBXBuildFile; fileRef = EB39390416654A4E00580A4E /* FoldView.m */; };
		EB39391C16654A4E00580A4E /* MultiFoldView.m in Sources */ = {isa = PBXBuildFile; fileRef = EB39390616654A4E00580A4E /* MultiFoldView.m */; };
		EB39391D16654A4E00580A4E /* PaperFoldNavigationController.m in Sources */ = {isa = PBXBuildFile; fileRef = EB39390916654A4E00580A4E /* PaperFoldNavigationController.m */; };
		EB39391E16654A4E00580A4E /* PaperFoldResources.bundle in Resources */ = {isa = PBXBuildFile; fileRef = EB39390A16654A4E00580A4E /* PaperFoldResources.bundle */; };
		EB39391F16654A4E00580A4E /* PaperFoldSwipeHintView.m in Sources */ = {isa = PBXBuildFile; fileRef = EB39390C16654A4E00580A4E /* PaperFoldSwipeHintView.m */; };
		EB39392016654A4E00580A4E /* PaperFoldView.m in Sources */ = {isa = PBXBuildFile; fileRef = EB39390E16654A4E00580A4E /* PaperFoldView.m */; };
		EB39392116654A4E00580A4E /* ShadowView.m in Sources */ = {isa = PBXBuildFile; fileRef = EB39391016654A4E00580A4E /* ShadowView.m */; };
		EB39392216654A4E00580A4E /* TouchThroughUIView.m in Sources */ = {isa = PBXBuildFile; fileRef = EB39391216654A4E00580A4E /* TouchThroughUIView.m */; };
		EB39392316654A4E00580A4E /* UIView+Screenshot.m in Sources */ = {isa = PBXBuildFile; fileRef = EB39391416654A4E00580A4E /* UIView+Screenshot.m */; };
		EB39392416654A4E00580A4E /* PaperFoldMenuController.m in Sources */ = {isa = PBXBuildFile; fileRef = EB39391616654A4E00580A4E /* PaperFoldMenuController.m */; };
		EB40F644165C0BED00DB343C /* UIKit.framework in Frameworks */ = {isa = PBXBuildFile; fileRef = EB40F643165C0BED00DB343C /* UIKit.framework */; };
		EB40F646165C0BED00DB343C /* Foundation.framework in Frameworks */ = {isa = PBXBuildFile; fileRef = EB40F645165C0BED00DB343C /* Foundation.framework */; };
		EB40F648165C0BED00DB343C /* CoreGraphics.framework in Frameworks */ = {isa = PBXBuildFile; fileRef = EB40F647165C0BED00DB343C /* CoreGraphics.framework */; };
		EB40F64E165C0BED00DB343C /* InfoPlist.strings in Resources */ = {isa = PBXBuildFile; fileRef = EB40F64C165C0BED00DB343C /* InfoPlist.strings */; };
		EB40F650165C0BED00DB343C /* main.m in Sources */ = {isa = PBXBuildFile; fileRef = EB40F64F165C0BED00DB343C /* main.m */; };
		EB40F656165C0BED00DB343C /* Default.png in Resources */ = {isa = PBXBuildFile; fileRef = EB40F655165C0BED00DB343C /* Default.png */; };
		EB40F658165C0BED00DB343C /* Default@2x.png in Resources */ = {isa = PBXBuildFile; fileRef = EB40F657165C0BED00DB343C /* Default@2x.png */; };
		EB40F697165C121900DB343C /* QuartzCore.framework in Frameworks */ = {isa = PBXBuildFile; fileRef = EB40F696165C121900DB343C /* QuartzCore.framework */; };
		EB40F6A6165C139B00DB343C /* cellBg@2x.png in Resources */ = {isa = PBXBuildFile; fileRef = EB40F6A4165C139B00DB343C /* cellBg@2x.png */; };
		EB40F6A7165C139B00DB343C /* cellBgSelected@2x.png in Resources */ = {isa = PBXBuildFile; fileRef = EB40F6A5165C139B00DB343C /* cellBgSelected@2x.png */; };
		EB61B34B16A9C807001BF77D /* PSTCollectionView.m in Sources */ = {isa = PBXBuildFile; fileRef = EB61B33316A9C807001BF77D /* PSTCollectionView.m */; };
		EB61B34C16A9C807001BF77D /* PSTCollectionViewCell.m in Sources */ = {isa = PBXBuildFile; fileRef = EB61B33516A9C807001BF77D /* PSTCollectionViewCell.m */; };
		EB61B34D16A9C807001BF77D /* PSTCollectionViewController.m in Sources */ = {isa = PBXBuildFile; fileRef = EB61B33816A9C807001BF77D /* PSTCollectionViewController.m */; };
		EB61B34E16A9C807001BF77D /* PSTCollectionViewData.m in Sources */ = {isa = PBXBuildFile; fileRef = EB61B33A16A9C807001BF77D /* PSTCollectionViewData.m */; };
		EB61B34F16A9C807001BF77D /* PSTCollectionViewFlowLayout.m in Sources */ = {isa = PBXBuildFile; fileRef = EB61B33C16A9C807001BF77D /* PSTCollectionViewFlowLayout.m */; };
		EB61B35016A9C807001BF77D /* PSTCollectionViewItemKey.m in Sources */ = {isa = PBXBuildFile; fileRef = EB61B33E16A9C807001BF77D /* PSTCollectionViewItemKey.m */; };
		EB61B35116A9C807001BF77D /* PSTCollectionViewLayout.m in Sources */ = {isa = PBXBuildFile; fileRef = EB61B34016A9C807001BF77D /* PSTCollectionViewLayout.m */; };
		EB61B35216A9C807001BF77D /* PSTCollectionViewUpdateItem.m in Sources */ = {isa = PBXBuildFile; fileRef = EB61B34216A9C807001BF77D /* PSTCollectionViewUpdateItem.m */; };
		EB61B35316A9C807001BF77D /* PSTGridLayoutInfo.m in Sources */ = {isa = PBXBuildFile; fileRef = EB61B34416A9C807001BF77D /* PSTGridLayoutInfo.m */; };
		EB61B35416A9C807001BF77D /* PSTGridLayoutItem.m in Sources */ = {isa = PBXBuildFile; fileRef = EB61B34616A9C807001BF77D /* PSTGridLayoutItem.m */; };
		EB61B35516A9C807001BF77D /* PSTGridLayoutRow.m in Sources */ = {isa = PBXBuildFile; fileRef = EB61B34816A9C807001BF77D /* PSTGridLayoutRow.m */; };
		EB61B35616A9C807001BF77D /* PSTGridLayoutSection.m in Sources */ = {isa = PBXBuildFile; fileRef = EB61B34A16A9C807001BF77D /* PSTGridLayoutSection.m */; };
		EB7FFE1C1750951F0012042C /* InfoContainerViewController.m in Sources */ = {isa = PBXBuildFile; fileRef = EB7FFE121750951F0012042C /* InfoContainerViewController.m */; };
		EB7FFE1D1750951F0012042C /* UILoadingView.m in Sources */ = {isa = PBXBuildFile; fileRef = EB7FFE141750951F0012042C /* UILoadingView.m */; };
		EB7FFE1E1750951F0012042C /* UIScrollViewInfinitePagingController.m in Sources */ = {isa = PBXBuildFile; fileRef = EB7FFE161750951F0012042C /* UIScrollViewInfinitePagingController.m */; };
		EB7FFE1F1750951F0012042C /* UIScrollViewInfinitePagingController~ipad.xib in Resources */ = {isa = PBXBuildFile; fileRef = EB7FFE171750951F0012042C /* UIScrollViewInfinitePagingController~ipad.xib */; };
		EB7FFE201750951F0012042C /* UIScrollViewInfinitePagingController~iphone.xib in Resources */ = {isa = PBXBuildFile; fileRef = EB7FFE181750951F0012042C /* UIScrollViewInfinitePagingController~iphone.xib */; };
		EB7FFE211750951F0012042C /* UITableViewDataController.m in Sources */ = {isa = PBXBuildFile; fileRef = EB7FFE1B1750951F0012042C /* UITableViewDataController.m */; };
		EB7FFE3A175097E70012042C /* APIController.m in Sources */ = {isa = PBXBuildFile; fileRef = EB7FFE29175097E70012042C /* APIController.m */; };
		EB7FFE3B175097E70012042C /* WrapperViewController.m in Sources */ = {isa = PBXBuildFile; fileRef = EB7FFE2A175097E70012042C /* WrapperViewController.m */; };
		EB7FFE3C175097E70012042C /* PanelViewController.m in Sources */ = {isa = PBXBuildFile; fileRef = EB7FFE2B175097E70012042C /* PanelViewController.m */; };
		EB7FFE3D175097E70012042C /* ProjectsTableViewController.m in Sources */ = {isa = PBXBuildFile; fileRef = EB7FFE2C175097E70012042C /* ProjectsTableViewController.m */; };
		EB7FFE3E175097E70012042C /* PostViewController.m in Sources */ = {isa = PBXBuildFile; fileRef = EB7FFE2D175097E70012042C /* PostViewController.m */; };
		EB7FFE3F175097E70012042C /* ClientsViewController.m in Sources */ = {isa = PBXBuildFile; fileRef = EB7FFE2E175097E70012042C /* ClientsViewController.m */; };
		EB7FFE40175097E70012042C /* ConsultantsViewController.m in Sources */ = {isa = PBXBuildFile; fileRef = EB7FFE2F175097E70012042C /* ConsultantsViewController.m */; };
		EB7FFE41175097E70012042C /* GroupsViewController.m in Sources */ = {isa = PBXBuildFile; fileRef = EB7FFE30175097E70012042C /* GroupsViewController.m */; };
		EB7FFE42175097E70012042C /* ProjectsViewController.m in Sources */ = {isa = PBXBuildFile; fileRef = EB7FFE31175097E70012042C /* ProjectsViewController.m */; };
		EB7FFE43175097E70012042C /* LoginViewController.m in Sources */ = {isa = PBXBuildFile; fileRef = EB7FFE32175097E70012042C /* LoginViewController.m */; };
		EB7FFE44175097E70012042C /* WrapperViewController~iphone.xib in Resources */ = {isa = PBXBuildFile; fileRef = EB7FFE33175097E70012042C /* WrapperViewController~iphone.xib */; };
		EB7FFE45175097E70012042C /* WrapperViewController~ipad.xib in Resources */ = {isa = PBXBuildFile; fileRef = EB7FFE34175097E70012042C /* WrapperViewController~ipad.xib */; };
		EB7FFE46175097E70012042C /* MembersViewController.m in Sources */ = {isa = PBXBuildFile; fileRef = EB7FFE37175097E70012042C /* MembersViewController.m */; };
		EB7FFE47175097E70012042C /* AppDelegate.m in Sources */ = {isa = PBXBuildFile; fileRef = EB7FFE38175097E70012042C /* AppDelegate.m */; };
		EB7FFE48175097E70012042C /* BadgeViewController.m in Sources */ = {isa = PBXBuildFile; fileRef = EB7FFE39175097E70012042C /* BadgeViewController.m */; };
		EB7FFE5C175098090012042C /* BadgeViewController_iPhone.xib in Resources */ = {isa = PBXBuildFile; fileRef = EB7FFE4A175098090012042C /* BadgeViewController_iPhone.xib */; };
		EB7FFE5D175098090012042C /* UtilitiesController.m in Sources */ = {isa = PBXBuildFile; fileRef = EB7FFE4C175098090012042C /* UtilitiesController.m */; };
		EB7FFE5E175098090012042C /* MembersViewController_iPhone.xib in Resources */ = {isa = PBXBuildFile; fileRef = EB7FFE4D175098090012042C /* MembersViewController_iPhone.xib */; };
		EB7FFE5F175098090012042C /* SlidingMenuViewController.m in Sources */ = {isa = PBXBuildFile; fileRef = EB7FFE4F175098090012042C /* SlidingMenuViewController.m */; };
		EB7FFE60175098090012042C /* PostViewController_iPhone.xib in Resources */ = {isa = PBXBuildFile; fileRef = EB7FFE53175098090012042C /* PostViewController_iPhone.xib */; };
		EB7FFE61175098090012042C /* PanelViewController_iPhone.xib in Resources */ = {isa = PBXBuildFile; fileRef = EB7FFE54175098090012042C /* PanelViewController_iPhone.xib */; };
		EB7FFE62175098090012042C /* LogoutViewController.m in Sources */ = {isa = PBXBuildFile; fileRef = EB7FFE55175098090012042C /* LogoutViewController.m */; };
		EB7FFE63175098090012042C /* code.m in Sources */ = {isa = PBXBuildFile; fileRef = EB7FFE57175098090012042C /* code.m */; };
		EB7FFE64175098090012042C /* ProjectsViewController_iPhone.xib in Resources */ = {isa = PBXBuildFile; fileRef = EB7FFE58175098090012042C /* ProjectsViewController_iPhone.xib */; };
		EB7FFE65175098090012042C /* ProjectsTableViewController.xib in Resources */ = {isa = PBXBuildFile; fileRef = EB7FFE5A175098090012042C /* ProjectsTableViewController.xib */; };
		EB7FFE75175098140012042C /* ProjectsItemViewCell.m in Sources */ = {isa = PBXBuildFile; fileRef = EB7FFE66175098140012042C /* ProjectsItemViewCell.m */; };
		EB7FFE76175098140012042C /* CardViewController.m in Sources */ = {isa = PBXBuildFile; fileRef = EB7FFE67175098140012042C /* CardViewController.m */; };
		EB7FFE77175098140012042C /* GroupsViewController_iPhone.xib in Resources */ = {isa = PBXBuildFile; fileRef = EB7FFE69175098140012042C /* GroupsViewController_iPhone.xib */; };
		EB7FFE78175098140012042C /* ClientsViewController_iPhone.xib in Resources */ = {isa = PBXBuildFile; fileRef = EB7FFE6A175098140012042C /* ClientsViewController_iPhone.xib */; };
		EB7FFE79175098140012042C /* ConsultantsViewController_iPhone.xib in Resources */ = {isa = PBXBuildFile; fileRef = EB7FFE6B175098140012042C /* ConsultantsViewController_iPhone.xib */; };
		EB7FFE7A175098140012042C /* DatabaseViewController.m in Sources */ = {isa = PBXBuildFile; fileRef = EB7FFE6D175098140012042C /* DatabaseViewController.m */; };
		EB7FFE7B175098140012042C /* PresencaViewController_iPhone.xib in Resources */ = {isa = PBXBuildFile; fileRef = EB7FFE6E175098140012042C /* PresencaViewController_iPhone.xib */; };
		EB7FFE7C175098140012042C /* CardViewController_iPhone.xib in Resources */ = {isa = PBXBuildFile; fileRef = EB7FFE6F175098140012042C /* CardViewController_iPhone.xib */; };
		EB7FFE7D175098140012042C /* ProjectsItemViewCell.xib in Resources */ = {isa = PBXBuildFile; fileRef = EB7FFE70175098140012042C /* ProjectsItemViewCell.xib */; };
		EB7FFE7E175098140012042C /* PresencaViewController.m in Sources */ = {isa = PBXBuildFile; fileRef = EB7FFE71175098140012042C /* PresencaViewController.m */; };
		EB7FFE7F175098140012042C /* main.m in Sources */ = {isa = PBXBuildFile; fileRef = EB7FFE73175098140012042C /* main.m */; };
		EB7FFE89175098270012042C /* LoginViewController~ipad.xib in Resources */ = {isa = PBXBuildFile; fileRef = EB7FFE81175098270012042C /* LoginViewController~ipad.xib */; };
		EB7FFE8A175098270012042C /* LoginViewController~iphone.xib in Resources */ = {isa = PBXBuildFile; fileRef = EB7FFE82175098270012042C /* LoginViewController~iphone.xib */; };
		EB7FFE8B175098270012042C /* NegocioPresente-Info.plist in Resources */ = {isa = PBXBuildFile; fileRef = EB7FFE83175098270012042C /* NegocioPresente-Info.plist */; };
		EBC24E8E165C94140082FF32 /* texturaCinza.png in Resources */ = {isa = PBXBuildFile; fileRef = EBC24E8A165C94140082FF32 /* texturaCinza.png */; };
		EBC24E8F165C94140082FF32 /* texturaMadeira.png in Resources */ = {isa = PBXBuildFile; fileRef = EBC24E8B165C94140082FF32 /* texturaMadeira.png */; };
		EBC24E90165C94140082FF32 /* texturaPapel.png in Resources */ = {isa = PBXBuildFile; fileRef = EBC24E8C165C94140082FF32 /* texturaPapel.png */; };
		EBC24E91165C94140082FF32 /* texturaQuadro.png in Resources */ = {isa = PBXBuildFile; fileRef = EBC24E8D165C94140082FF32 /* texturaQuadro.png */; };
		EBFE2F661669DA93003BF8CA /* logoNP@2x.png in Resources */ = {isa = PBXBuildFile; fileRef = EBFE2F651669DA93003BF8CA /* logoNP@2x.png */; };
		EBFE2F691669DB96003BF8CA /* logoNP@2x.png in Resources */ = {isa = PBXBuildFile; fileRef = EBFE2F671669DAAD003BF8CA /* logoNP@2x.png */; };
/* End PBXBuildFile section */

/* Begin PBXFileReference section */
		EB0D1999165D9C40008E2FFB /* Default-568h@2x.png */ = {isa = PBXFileReference; lastKnownFileType = image.png; path = "Default-568h@2x.png"; sourceTree = "<group>"; };
		EB0D199B165DABEE008E2FFB /* libsqlite3.dylib */ = {isa = PBXFileReference; lastKnownFileType = "compiled.mach-o.dylib"; name = libsqlite3.dylib; path = usr/lib/libsqlite3.dylib; sourceTree = SDKROOT; };
		EB3938FB16654A4E00580A4E /* GTMNSString+HTML.h */ = {isa = PBXFileReference; fileEncoding = 4; lastKnownFileType = sourcecode.c.h; path = "GTMNSString+HTML.h"; sourceTree = "<group>"; };
		EB3938FC16654A4E00580A4E /* GTMNSString+HTML.m */ = {isa = PBXFileReference; fileEncoding = 4; lastKnownFileType = sourcecode.c.objc; path = "GTMNSString+HTML.m"; sourceTree = "<group>"; };
		EB3938FD16654A4E00580A4E /* NSString+HTML.h */ = {isa = PBXFileReference; fileEncoding = 4; lastKnownFileType = sourcecode.c.h; path = "NSString+HTML.h"; sourceTree = "<group>"; };
		EB3938FE16654A4E00580A4E /* NSString+HTML.m */ = {isa = PBXFileReference; fileEncoding = 4; lastKnownFileType = sourcecode.c.objc; path = "NSString+HTML.m"; sourceTree = "<group>"; };
		EB39390116654A4E00580A4E /* FacingView.h */ = {isa = PBXFileReference; fileEncoding = 4; lastKnownFileType = sourcecode.c.h; path = FacingView.h; sourceTree = "<group>"; };
		EB39390216654A4E00580A4E /* FacingView.m */ = {isa = PBXFileReference; fileEncoding = 4; lastKnownFileType = sourcecode.c.objc; path = FacingView.m; sourceTree = "<group>"; };
		EB39390316654A4E00580A4E /* FoldView.h */ = {isa = PBXFileReference; fileEncoding = 4; lastKnownFileType = sourcecode.c.h; path = FoldView.h; sourceTree = "<group>"; };
		EB39390416654A4E00580A4E /* FoldView.m */ = {isa = PBXFileReference; fileEncoding = 4; lastKnownFileType = sourcecode.c.objc; path = FoldView.m; sourceTree = "<group>"; };
		EB39390516654A4E00580A4E /* MultiFoldView.h */ = {isa = PBXFileReference; fileEncoding = 4; lastKnownFileType = sourcecode.c.h; path = MultiFoldView.h; sourceTree = "<group>"; };
		EB39390616654A4E00580A4E /* MultiFoldView.m */ = {isa = PBXFileReference; fileEncoding = 4; lastKnownFileType = sourcecode.c.objc; path = MultiFoldView.m; sourceTree = "<group>"; };
		EB39390716654A4E00580A4E /* PaperFoldConstants.h */ = {isa = PBXFileReference; fileEncoding = 4; lastKnownFileType = sourcecode.c.h; path = PaperFoldConstants.h; sourceTree = "<group>"; };
		EB39390816654A4E00580A4E /* PaperFoldNavigationController.h */ = {isa = PBXFileReference; fileEncoding = 4; lastKnownFileType = sourcecode.c.h; path = PaperFoldNavigationController.h; sourceTree = "<group>"; };
		EB39390916654A4E00580A4E /* PaperFoldNavigationController.m */ = {isa = PBXFileReference; fileEncoding = 4; lastKnownFileType = sourcecode.c.objc; path = PaperFoldNavigationController.m; sourceTree = "<group>"; };
		EB39390A16654A4E00580A4E /* PaperFoldResources.bundle */ = {isa = PBXFileReference; lastKnownFileType = "wrapper.plug-in"; path = PaperFoldResources.bundle; sourceTree = "<group>"; };
		EB39390B16654A4E00580A4E /* PaperFoldSwipeHintView.h */ = {isa = PBXFileReference; fileEncoding = 4; lastKnownFileType = sourcecode.c.h; path = PaperFoldSwipeHintView.h; sourceTree = "<group>"; };
		EB39390C16654A4E00580A4E /* PaperFoldSwipeHintView.m */ = {isa = PBXFileReference; fileEncoding = 4; lastKnownFileType = sourcecode.c.objc; path = PaperFoldSwipeHintView.m; sourceTree = "<group>"; };
		EB39390D16654A4E00580A4E /* PaperFoldView.h */ = {isa = PBXFileReference; fileEncoding = 4; lastKnownFileType = sourcecode.c.h; path = PaperFoldView.h; sourceTree = "<group>"; };
		EB39390E16654A4E00580A4E /* PaperFoldView.m */ = {isa = PBXFileReference; fileEncoding = 4; lastKnownFileType = sourcecode.c.objc; path = PaperFoldView.m; sourceTree = "<group>"; };
		EB39390F16654A4E00580A4E /* ShadowView.h */ = {isa = PBXFileReference; fileEncoding = 4; lastKnownFileType = sourcecode.c.h; path = ShadowView.h; sourceTree = "<group>"; };
		EB39391016654A4E00580A4E /* ShadowView.m */ = {isa = PBXFileReference; fileEncoding = 4; lastKnownFileType = sourcecode.c.objc; path = ShadowView.m; sourceTree = "<group>"; };
		EB39391116654A4E00580A4E /* TouchThroughUIView.h */ = {isa = PBXFileReference; fileEncoding = 4; lastKnownFileType = sourcecode.c.h; path = TouchThroughUIView.h; sourceTree = "<group>"; };
		EB39391216654A4E00580A4E /* TouchThroughUIView.m */ = {isa = PBXFileReference; fileEncoding = 4; lastKnownFileType = sourcecode.c.objc; path = TouchThroughUIView.m; sourceTree = "<group>"; };
		EB39391316654A4E00580A4E /* UIView+Screenshot.h */ = {isa = PBXFileReference; fileEncoding = 4; lastKnownFileType = sourcecode.c.h; path = "UIView+Screenshot.h"; sourceTree = "<group>"; };
		EB39391416654A4E00580A4E /* UIView+Screenshot.m */ = {isa = PBXFileReference; fileEncoding = 4; lastKnownFileType = sourcecode.c.objc; path = "UIView+Screenshot.m"; sourceTree = "<group>"; };
		EB39391516654A4E00580A4E /* PaperFoldMenuController.h */ = {isa = PBXFileReference; fileEncoding = 4; lastKnownFileType = sourcecode.c.h; path = PaperFoldMenuController.h; sourceTree = "<group>"; };
		EB39391616654A4E00580A4E /* PaperFoldMenuController.m */ = {isa = PBXFileReference; fileEncoding = 4; lastKnownFileType = sourcecode.c.objc; path = PaperFoldMenuController.m; sourceTree = "<group>"; };
		EB39391716654A4E00580A4E /* PaperFoldMenuControllerDelegate.h */ = {isa = PBXFileReference; fileEncoding = 4; lastKnownFileType = sourcecode.c.h; path = PaperFoldMenuControllerDelegate.h; sourceTree = "<group>"; };
		EB40F63F165C0BED00DB343C /* NegocioPresente.app */ = {isa = PBXFileReference; explicitFileType = wrapper.application; includeInIndex = 0; path = NegocioPresente.app; sourceTree = BUILT_PRODUCTS_DIR; };
		EB40F643165C0BED00DB343C /* UIKit.framework */ = {isa = PBXFileReference; lastKnownFileType = wrapper.framework; name = UIKit.framework; path = System/Library/Frameworks/UIKit.framework; sourceTree = SDKROOT; };
		EB40F645165C0BED00DB343C /* Foundation.framework */ = {isa = PBXFileReference; lastKnownFileType = wrapper.framework; name = Foundation.framework; path = System/Library/Frameworks/Foundation.framework; sourceTree = SDKROOT; };
		EB40F647165C0BED00DB343C /* CoreGraphics.framework */ = {isa = PBXFileReference; lastKnownFileType = wrapper.framework; name = CoreGraphics.framework; path = System/Library/Frameworks/CoreGraphics.framework; sourceTree = SDKROOT; };
		EB40F64B165C0BED00DB343C /* NegocioPresente-Info.plist */ = {isa = PBXFileReference; lastKnownFileType = text.plist.xml; path = "NegocioPresente-Info.plist"; sourceTree = "<group>"; };
		EB40F64D165C0BED00DB343C /* en */ = {isa = PBXFileReference; lastKnownFileType = text.plist.strings; name = en; path = en.lproj/InfoPlist.strings; sourceTree = "<group>"; };
		EB40F64F165C0BED00DB343C /* main.m */ = {isa = PBXFileReference; lastKnownFileType = sourcecode.c.objc; path = main.m; sourceTree = "<group>"; };
		EB40F651165C0BED00DB343C /* NegocioPresente-Prefix.pch */ = {isa = PBXFileReference; lastKnownFileType = sourcecode.c.h; path = "NegocioPresente-Prefix.pch"; sourceTree = "<group>"; };
		EB40F655165C0BED00DB343C /* Default.png */ = {isa = PBXFileReference; lastKnownFileType = image.png; path = Default.png; sourceTree = "<group>"; };
		EB40F657165C0BED00DB343C /* Default@2x.png */ = {isa = PBXFileReference; lastKnownFileType = image.png; path = "Default@2x.png"; sourceTree = "<group>"; };
		EB40F696165C121900DB343C /* QuartzCore.framework */ = {isa = PBXFileReference; lastKnownFileType = wrapper.framework; name = QuartzCore.framework; path = System/Library/Frameworks/QuartzCore.framework; sourceTree = SDKROOT; };
		EB40F6A4165C139B00DB343C /* cellBg@2x.png */ = {isa = PBXFileReference; lastKnownFileType = image.png; path = "cellBg@2x.png"; sourceTree = "<group>"; };
		EB40F6A5165C139B00DB343C /* cellBgSelected@2x.png */ = {isa = PBXFileReference; lastKnownFileType = image.png; path = "cellBgSelected@2x.png"; sourceTree = "<group>"; };
		EB61B33216A9C807001BF77D /* PSTCollectionView.h */ = {isa = PBXFileReference; fileEncoding = 4; lastKnownFileType = sourcecode.c.h; path = PSTCollectionView.h; sourceTree = "<group>"; };
		EB61B33316A9C807001BF77D /* PSTCollectionView.m */ = {isa = PBXFileReference; fileEncoding = 4; lastKnownFileType = sourcecode.c.objc; path = PSTCollectionView.m; sourceTree = "<group>"; };
		EB61B33416A9C807001BF77D /* PSTCollectionViewCell.h */ = {isa = PBXFileReference; fileEncoding = 4; lastKnownFileType = sourcecode.c.h; path = PSTCollectionViewCell.h; sourceTree = "<group>"; };
		EB61B33516A9C807001BF77D /* PSTCollectionViewCell.m */ = {isa = PBXFileReference; fileEncoding = 4; lastKnownFileType = sourcecode.c.objc; path = PSTCollectionViewCell.m; sourceTree = "<group>"; };
		EB61B33616A9C807001BF77D /* PSTCollectionViewCommon.h */ = {isa = PBXFileReference; fileEncoding = 4; lastKnownFileType = sourcecode.c.h; path = PSTCollectionViewCommon.h; sourceTree = "<group>"; };
		EB61B33716A9C807001BF77D /* PSTCollectionViewController.h */ = {isa = PBXFileReference; fileEncoding = 4; lastKnownFileType = sourcecode.c.h; path = PSTCollectionViewController.h; sourceTree = "<group>"; };
		EB61B33816A9C807001BF77D /* PSTCollectionViewController.m */ = {isa = PBXFileReference; fileEncoding = 4; lastKnownFileType = sourcecode.c.objc; path = PSTCollectionViewController.m; sourceTree = "<group>"; };
		EB61B33916A9C807001BF77D /* PSTCollectionViewData.h */ = {isa = PBXFileReference; fileEncoding = 4; lastKnownFileType = sourcecode.c.h; path = PSTCollectionViewData.h; sourceTree = "<group>"; };
		EB61B33A16A9C807001BF77D /* PSTCollectionViewData.m */ = {isa = PBXFileReference; fileEncoding = 4; lastKnownFileType = sourcecode.c.objc; path = PSTCollectionViewData.m; sourceTree = "<group>"; };
		EB61B33B16A9C807001BF77D /* PSTCollectionViewFlowLayout.h */ = {isa = PBXFileReference; fileEncoding = 4; lastKnownFileType = sourcecode.c.h; path = PSTCollectionViewFlowLayout.h; sourceTree = "<group>"; };
		EB61B33C16A9C807001BF77D /* PSTCollectionViewFlowLayout.m */ = {isa = PBXFileReference; fileEncoding = 4; lastKnownFileType = sourcecode.c.objc; path = PSTCollectionViewFlowLayout.m; sourceTree = "<group>"; };
		EB61B33D16A9C807001BF77D /* PSTCollectionViewItemKey.h */ = {isa = PBXFileReference; fileEncoding = 4; lastKnownFileType = sourcecode.c.h; path = PSTCollectionViewItemKey.h; sourceTree = "<group>"; };
		EB61B33E16A9C807001BF77D /* PSTCollectionViewItemKey.m */ = {isa = PBXFileReference; fileEncoding = 4; lastKnownFileType = sourcecode.c.objc; path = PSTCollectionViewItemKey.m; sourceTree = "<group>"; };
		EB61B33F16A9C807001BF77D /* PSTCollectionViewLayout.h */ = {isa = PBXFileReference; fileEncoding = 4; lastKnownFileType = sourcecode.c.h; path = PSTCollectionViewLayout.h; sourceTree = "<group>"; };
		EB61B34016A9C807001BF77D /* PSTCollectionViewLayout.m */ = {isa = PBXFileReference; fileEncoding = 4; lastKnownFileType = sourcecode.c.objc; path = PSTCollectionViewLayout.m; sourceTree = "<group>"; };
		EB61B34116A9C807001BF77D /* PSTCollectionViewUpdateItem.h */ = {isa = PBXFileReference; fileEncoding = 4; lastKnownFileType = sourcecode.c.h; path = PSTCollectionViewUpdateItem.h; sourceTree = "<group>"; };
		EB61B34216A9C807001BF77D /* PSTCollectionViewUpdateItem.m */ = {isa = PBXFileReference; fileEncoding = 4; lastKnownFileType = sourcecode.c.objc; path = PSTCollectionViewUpdateItem.m; sourceTree = "<group>"; };
		EB61B34316A9C807001BF77D /* PSTGridLayoutInfo.h */ = {isa = PBXFileReference; fileEncoding = 4; lastKnownFileType = sourcecode.c.h; path = PSTGridLayoutInfo.h; sourceTree = "<group>"; };
		EB61B34416A9C807001BF77D /* PSTGridLayoutInfo.m */ = {isa = PBXFileReference; fileEncoding = 4; lastKnownFileType = sourcecode.c.objc; path = PSTGridLayoutInfo.m; sourceTree = "<group>"; };
		EB61B34516A9C807001BF77D /* PSTGridLayoutItem.h */ = {isa = PBXFileReference; fileEncoding = 4; lastKnownFileType = sourcecode.c.h; path = PSTGridLayoutItem.h; sourceTree = "<group>"; };
		EB61B34616A9C807001BF77D /* PSTGridLayoutItem.m */ = {isa = PBXFileReference; fileEncoding = 4; lastKnownFileType = sourcecode.c.objc; path = PSTGridLayoutItem.m; sourceTree = "<group>"; };
		EB61B34716A9C807001BF77D /* PSTGridLayoutRow.h */ = {isa = PBXFileReference; fileEncoding = 4; lastKnownFileType = sourcecode.c.h; path = PSTGridLayoutRow.h; sourceTree = "<group>"; };
		EB61B34816A9C807001BF77D /* PSTGridLayoutRow.m */ = {isa = PBXFileReference; fileEncoding = 4; lastKnownFileType = sourcecode.c.objc; path = PSTGridLayoutRow.m; sourceTree = "<group>"; };
		EB61B34916A9C807001BF77D /* PSTGridLayoutSection.h */ = {isa = PBXFileReference; fileEncoding = 4; lastKnownFileType = sourcecode.c.h; path = PSTGridLayoutSection.h; sourceTree = "<group>"; };
		EB61B34A16A9C807001BF77D /* PSTGridLayoutSection.m */ = {isa = PBXFileReference; fileEncoding = 4; lastKnownFileType = sourcecode.c.objc; path = PSTGridLayoutSection.m; sourceTree = "<group>"; };
		EB7FFE111750951F0012042C /* InfoContainerViewController.h */ = {isa = PBXFileReference; fileEncoding = 4; lastKnownFileType = sourcecode.c.h; name = InfoContainerViewController.h; path = Classes/InfoContainerViewController.h; sourceTree = "<group>"; };
		EB7FFE121750951F0012042C /* InfoContainerViewController.m */ = {isa = PBXFileReference; fileEncoding = 4; lastKnownFileType = sourcecode.c.objc; name = InfoContainerViewController.m; path = Classes/InfoContainerViewController.m; sourceTree = "<group>"; };
		EB7FFE131750951F0012042C /* UILoadingView.h */ = {isa = PBXFileReference; fileEncoding = 4; lastKnownFileType = sourcecode.c.h; name = UILoadingView.h; path = Classes/UILoadingView.h; sourceTree = "<group>"; };
		EB7FFE141750951F0012042C /* UILoadingView.m */ = {isa = PBXFileReference; fileEncoding = 4; lastKnownFileType = sourcecode.c.objc; name = UILoadingView.m; path = Classes/UILoadingView.m; sourceTree = "<group>"; };
		EB7FFE151750951F0012042C /* UIScrollViewInfinitePagingController.h */ = {isa = PBXFileReference; fileEncoding = 4; lastKnownFileType = sourcecode.c.h; name = UIScrollViewInfinitePagingController.h; path = Classes/UIScrollViewInfinitePagingController.h; sourceTree = "<group>"; };
		EB7FFE161750951F0012042C /* UIScrollViewInfinitePagingController.m */ = {isa = PBXFileReference; fileEncoding = 4; lastKnownFileType = sourcecode.c.objc; name = UIScrollViewInfinitePagingController.m; path = Classes/UIScrollViewInfinitePagingController.m; sourceTree = "<group>"; };
		EB7FFE171750951F0012042C /* UIScrollViewInfinitePagingController~ipad.xib */ = {isa = PBXFileReference; fileEncoding = 4; lastKnownFileType = file.xib; name = "UIScrollViewInfinitePagingController~ipad.xib"; path = "Classes/UIScrollViewInfinitePagingController~ipad.xib"; sourceTree = "<group>"; };
		EB7FFE181750951F0012042C /* UIScrollViewInfinitePagingController~iphone.xib */ = {isa = PBXFileReference; fileEncoding = 4; lastKnownFileType = file.xib; name = "UIScrollViewInfinitePagingController~iphone.xib"; path = "Classes/UIScrollViewInfinitePagingController~iphone.xib"; sourceTree = "<group>"; };
		EB7FFE191750951F0012042C /* UITableViewDataCell.h */ = {isa = PBXFileReference; fileEncoding = 4; lastKnownFileType = sourcecode.c.h; name = UITableViewDataCell.h; path = Classes/UITableViewDataCell.h; sourceTree = "<group>"; };
		EB7FFE1A1750951F0012042C /* UITableViewDataController.h */ = {isa = PBXFileReference; fileEncoding = 4; lastKnownFileType = sourcecode.c.h; name = UITableViewDataController.h; path = Classes/UITableViewDataController.h; sourceTree = "<group>"; };
		EB7FFE1B1750951F0012042C /* UITableViewDataController.m */ = {isa = PBXFileReference; fileEncoding = 4; lastKnownFileType = sourcecode.c.objc; name = UITableViewDataController.m; path = Classes/UITableViewDataController.m; sourceTree = "<group>"; };
		EB7FFE29175097E70012042C /* APIController.m */ = {isa = PBXFileReference; fileEncoding = 4; lastKnownFileType = sourcecode.c.objc; name = APIController.m; path = Classes/APIController.m; sourceTree = SOURCE_ROOT; };
		EB7FFE2A175097E70012042C /* WrapperViewController.m */ = {isa = PBXFileReference; fileEncoding = 4; lastKnownFileType = sourcecode.c.objc; name = WrapperViewController.m; path = Classes/WrapperViewController.m; sourceTree = SOURCE_ROOT; };
		EB7FFE2B175097E70012042C /* PanelViewController.m */ = {isa = PBXFileReference; fileEncoding = 4; lastKnownFileType = sourcecode.c.objc; name = PanelViewController.m; path = Classes/PanelViewController.m; sourceTree = SOURCE_ROOT; };
		EB7FFE2C175097E70012042C /* ProjectsTableViewController.m */ = {isa = PBXFileReference; fileEncoding = 4; lastKnownFileType = sourcecode.c.objc; name = ProjectsTableViewController.m; path = Classes/ProjectsTableViewController.m; sourceTree = SOURCE_ROOT; };
		EB7FFE2D175097E70012042C /* PostViewController.m */ = {isa = PBXFileReference; fileEncoding = 4; lastKnownFileType = sourcecode.c.objc; name = PostViewController.m; path = Classes/PostViewController.m; sourceTree = SOURCE_ROOT; };
		EB7FFE2E175097E70012042C /* ClientsViewController.m */ = {isa = PBXFileReference; fileEncoding = 4; lastKnownFileType = sourcecode.c.objc; name = ClientsViewController.m; path = Classes/ClientsViewController.m; sourceTree = SOURCE_ROOT; };
		EB7FFE2F175097E70012042C /* ConsultantsViewController.m */ = {isa = PBXFileReference; fileEncoding = 4; lastKnownFileType = sourcecode.c.objc; name = ConsultantsViewController.m; path = Classes/ConsultantsViewController.m; sourceTree = SOURCE_ROOT; };
		EB7FFE30175097E70012042C /* GroupsViewController.m */ = {isa = PBXFileReference; fileEncoding = 4; lastKnownFileType = sourcecode.c.objc; name = GroupsViewController.m; path = Classes/GroupsViewController.m; sourceTree = SOURCE_ROOT; };
		EB7FFE31175097E70012042C /* ProjectsViewController.m */ = {isa = PBXFileReference; fileEncoding = 4; lastKnownFileType = sourcecode.c.objc; name = ProjectsViewController.m; path = Classes/ProjectsViewController.m; sourceTree = SOURCE_ROOT; };
		EB7FFE32175097E70012042C /* LoginViewController.m */ = {isa = PBXFileReference; fileEncoding = 4; lastKnownFileType = sourcecode.c.objc; name = LoginViewController.m; path = Classes/LoginViewController.m; sourceTree = SOURCE_ROOT; };
		EB7FFE33175097E70012042C /* WrapperViewController~iphone.xib */ = {isa = PBXFileReference; fileEncoding = 4; lastKnownFileType = file.xib; name = "WrapperViewController~iphone.xib"; path = "Classes/WrapperViewController~iphone.xib"; sourceTree = SOURCE_ROOT; };
		EB7FFE34175097E70012042C /* WrapperViewController~ipad.xib */ = {isa = PBXFileReference; fileEncoding = 4; lastKnownFileType = file.xib; name = "WrapperViewController~ipad.xib"; path = "Classes/WrapperViewController~ipad.xib"; sourceTree = SOURCE_ROOT; };
		EB7FFE35175097E70012042C /* WrapperViewController.h */ = {isa = PBXFileReference; fileEncoding = 4; lastKnownFileType = sourcecode.c.h; name = WrapperViewController.h; path = Classes/WrapperViewController.h; sourceTree = SOURCE_ROOT; };
		EB7FFE36175097E70012042C /* APIController.h */ = {isa = PBXFileReference; fileEncoding = 4; lastKnownFileType = sourcecode.c.h; name = APIController.h; path = Classes/APIController.h; sourceTree = SOURCE_ROOT; };
		EB7FFE37175097E70012042C /* MembersViewController.m */ = {isa = PBXFileReference; fileEncoding = 4; lastKnownFileType = sourcecode.c.objc; name = MembersViewController.m; path = Classes/MembersViewController.m; sourceTree = SOURCE_ROOT; };
		EB7FFE38175097E70012042C /* AppDelegate.m */ = {isa = PBXFileReference; fileEncoding = 4; lastKnownFileType = sourcecode.c.objc; name = AppDelegate.m; path = Classes/AppDelegate.m; sourceTree = SOURCE_ROOT; };
		EB7FFE39175097E70012042C /* BadgeViewController.m */ = {isa = PBXFileReference; fileEncoding = 4; lastKnownFileType = sourcecode.c.objc; name = BadgeViewController.m; path = Classes/BadgeViewController.m; sourceTree = SOURCE_ROOT; };
		EB7FFE49175098090012042C /* PanelViewController.h */ = {isa = PBXFileReference; fileEncoding = 4; lastKnownFileType = sourcecode.c.h; name = PanelViewController.h; path = Classes/PanelViewController.h; sourceTree = SOURCE_ROOT; };
		EB7FFE4A175098090012042C /* BadgeViewController_iPhone.xib */ = {isa = PBXFileReference; fileEncoding = 4; lastKnownFileType = file.xib; name = BadgeViewController_iPhone.xib; path = Classes/BadgeViewController_iPhone.xib; sourceTree = SOURCE_ROOT; };
		EB7FFE4B175098090012042C /* UtilitiesController.h */ = {isa = PBXFileReference; fileEncoding = 4; lastKnownFileType = sourcecode.c.h; name = UtilitiesController.h; path = Classes/UtilitiesController.h; sourceTree = SOURCE_ROOT; };
		EB7FFE4C175098090012042C /* UtilitiesController.m */ = {isa = PBXFileReference; fileEncoding = 4; lastKnownFileType = sourcecode.c.objc; name = UtilitiesController.m; path = Classes/UtilitiesController.m; sourceTree = SOURCE_ROOT; };
		EB7FFE4D175098090012042C /* MembersViewController_iPhone.xib */ = {isa = PBXFileReference; fileEncoding = 4; lastKnownFileType = file.xib; name = MembersViewController_iPhone.xib; path = Classes/MembersViewController_iPhone.xib; sourceTree = SOURCE_ROOT; };
		EB7FFE4E175098090012042C /* BadgeViewController.h */ = {isa = PBXFileReference; fileEncoding = 4; lastKnownFileType = sourcecode.c.h; name = BadgeViewController.h; path = Classes/BadgeViewController.h; sourceTree = SOURCE_ROOT; };
		EB7FFE4F175098090012042C /* SlidingMenuViewController.m */ = {isa = PBXFileReference; fileEncoding = 4; lastKnownFileType = sourcecode.c.objc; name = SlidingMenuViewController.m; path = Classes/SlidingMenuViewController.m; sourceTree = SOURCE_ROOT; };
		EB7FFE50175098090012042C /* AppDelegate.h */ = {isa = PBXFileReference; fileEncoding = 4; lastKnownFileType = sourcecode.c.h; name = AppDelegate.h; path = Classes/AppDelegate.h; sourceTree = SOURCE_ROOT; };
		EB7FFE51175098090012042C /* SlidingMenuViewController.h */ = {isa = PBXFileReference; fileEncoding = 4; lastKnownFileType = sourcecode.c.h; name = SlidingMenuViewController.h; path = Classes/SlidingMenuViewController.h; sourceTree = SOURCE_ROOT; };
		EB7FFE52175098090012042C /* PostViewController.h */ = {isa = PBXFileReference; fileEncoding = 4; lastKnownFileType = sourcecode.c.h; name = PostViewController.h; path = Classes/PostViewController.h; sourceTree = SOURCE_ROOT; };
		EB7FFE53175098090012042C /* PostViewController_iPhone.xib */ = {isa = PBXFileReference; fileEncoding = 4; lastKnownFileType = file.xib; name = PostViewController_iPhone.xib; path = Classes/PostViewController_iPhone.xib; sourceTree = SOURCE_ROOT; };
		EB7FFE54175098090012042C /* PanelViewController_iPhone.xib */ = {isa = PBXFileReference; fileEncoding = 4; lastKnownFileType = file.xib; name = PanelViewController_iPhone.xib; path = Classes/PanelViewController_iPhone.xib; sourceTree = SOURCE_ROOT; };
		EB7FFE55175098090012042C /* LogoutViewController.m */ = {isa = PBXFileReference; fileEncoding = 4; lastKnownFileType = sourcecode.c.objc; name = LogoutViewController.m; path = Classes/LogoutViewController.m; sourceTree = SOURCE_ROOT; };
		EB7FFE56175098090012042C /* LogoutViewController.h */ = {isa = PBXFileReference; fileEncoding = 4; lastKnownFileType = sourcecode.c.h; name = LogoutViewController.h; path = Classes/LogoutViewController.h; sourceTree = SOURCE_ROOT; };
		EB7FFE57175098090012042C /* code.m */ = {isa = PBXFileReference; fileEncoding = 4; lastKnownFileType = sourcecode.c.objc; name = code.m; path = Classes/code.m; sourceTree = SOURCE_ROOT; };
		EB7FFE58175098090012042C /* ProjectsViewController_iPhone.xib */ = {isa = PBXFileReference; fileEncoding = 4; lastKnownFileType = file.xib; name = ProjectsViewController_iPhone.xib; path = Classes/ProjectsViewController_iPhone.xib; sourceTree = SOURCE_ROOT; };
		EB7FFE59175098090012042C /* ProjectsViewController.h */ = {isa = PBXFileReference; fileEncoding = 4; lastKnownFileType = sourcecode.c.h; name = ProjectsViewController.h; path = Classes/ProjectsViewController.h; sourceTree = SOURCE_ROOT; };
		EB7FFE5A175098090012042C /* ProjectsTableViewController.xib */ = {isa = PBXFileReference; fileEncoding = 4; lastKnownFileType = file.xib; name = ProjectsTableViewController.xib; path = Classes/ProjectsTableViewController.xib; sourceTree = SOURCE_ROOT; };
		EB7FFE5B175098090012042C /* ProjectsTableViewController.h */ = {isa = PBXFileReference; fileEncoding = 4; lastKnownFileType = sourcecode.c.h; name = ProjectsTableViewController.h; path = Classes/ProjectsTableViewController.h; sourceTree = SOURCE_ROOT; };
		EB7FFE66175098140012042C /* ProjectsItemViewCell.m */ = {isa = PBXFileReference; fileEncoding = 4; lastKnownFileType = sourcecode.c.objc; name = ProjectsItemViewCell.m; path = Classes/ProjectsItemViewCell.m; sourceTree = SOURCE_ROOT; };
		EB7FFE67175098140012042C /* CardViewController.m */ = {isa = PBXFileReference; fileEncoding = 4; lastKnownFileType = sourcecode.c.objc; name = CardViewController.m; path = Classes/CardViewController.m; sourceTree = SOURCE_ROOT; };
		EB7FFE68175098140012042C /* CardViewController.h */ = {isa = PBXFileReference; fileEncoding = 4; lastKnownFileType = sourcecode.c.h; name = CardViewController.h; path = Classes/CardViewController.h; sourceTree = SOURCE_ROOT; };
		EB7FFE69175098140012042C /* GroupsViewController_iPhone.xib */ = {isa = PBXFileReference; fileEncoding = 4; lastKnownFileType = file.xib; name = GroupsViewController_iPhone.xib; path = Classes/GroupsViewController_iPhone.xib; sourceTree = SOURCE_ROOT; };
		EB7FFE6A175098140012042C /* ClientsViewController_iPhone.xib */ = {isa = PBXFileReference; fileEncoding = 4; lastKnownFileType = file.xib; name = ClientsViewController_iPhone.xib; path = Classes/ClientsViewController_iPhone.xib; sourceTree = SOURCE_ROOT; };
		EB7FFE6B175098140012042C /* ConsultantsViewController_iPhone.xib */ = {isa = PBXFileReference; fileEncoding = 4; lastKnownFileType = file.xib; name = ConsultantsViewController_iPhone.xib; path = Classes/ConsultantsViewController_iPhone.xib; sourceTree = SOURCE_ROOT; };
		EB7FFE6C175098140012042C /* DatabaseViewController.h */ = {isa = PBXFileReference; fileEncoding = 4; lastKnownFileType = sourcecode.c.h; name = DatabaseViewController.h; path = Classes/DatabaseViewController.h; sourceTree = SOURCE_ROOT; };
		EB7FFE6D175098140012042C /* DatabaseViewController.m */ = {isa = PBXFileReference; fileEncoding = 4; lastKnownFileType = sourcecode.c.objc; name = DatabaseViewController.m; path = Classes/DatabaseViewController.m; sourceTree = SOURCE_ROOT; };
		EB7FFE6E175098140012042C /* PresencaViewController_iPhone.xib */ = {isa = PBXFileReference; fileEncoding = 4; lastKnownFileType = file.xib; name = PresencaViewController_iPhone.xib; path = Classes/PresencaViewController_iPhone.xib; sourceTree = SOURCE_ROOT; };
		EB7FFE6F175098140012042C /* CardViewController_iPhone.xib */ = {isa = PBXFileReference; fileEncoding = 4; lastKnownFileType = file.xib; name = CardViewController_iPhone.xib; path = Classes/CardViewController_iPhone.xib; sourceTree = SOURCE_ROOT; };
		EB7FFE70175098140012042C /* ProjectsItemViewCell.xib */ = {isa = PBXFileReference; fileEncoding = 4; lastKnownFileType = file.xib; name = ProjectsItemViewCell.xib; path = Classes/ProjectsItemViewCell.xib; sourceTree = SOURCE_ROOT; };
		EB7FFE71175098140012042C /* PresencaViewController.m */ = {isa = PBXFileReference; fileEncoding = 4; lastKnownFileType = sourcecode.c.objc; name = PresencaViewController.m; path = Classes/PresencaViewController.m; sourceTree = SOURCE_ROOT; };
		EB7FFE72175098140012042C /* PresencaViewController.h */ = {isa = PBXFileReference; fileEncoding = 4; lastKnownFileType = sourcecode.c.h; name = PresencaViewController.h; path = Classes/PresencaViewController.h; sourceTree = SOURCE_ROOT; };
		EB7FFE73175098140012042C /* main.m */ = {isa = PBXFileReference; fileEncoding = 4; lastKnownFileType = sourcecode.c.objc; name = main.m; path = Classes/main.m; sourceTree = SOURCE_ROOT; };
		EB7FFE74175098140012042C /* NegocioPresente-Prefix.pch */ = {isa = PBXFileReference; fileEncoding = 4; lastKnownFileType = sourcecode.c.h; name = "NegocioPresente-Prefix.pch"; path = "Classes/NegocioPresente-Prefix.pch"; sourceTree = SOURCE_ROOT; };
		EB7FFE80175098270012042C /* LoginViewController.h */ = {isa = PBXFileReference; fileEncoding = 4; lastKnownFileType = sourcecode.c.h; name = LoginViewController.h; path = Classes/LoginViewController.h; sourceTree = SOURCE_ROOT; };
		EB7FFE81175098270012042C /* LoginViewController~ipad.xib */ = {isa = PBXFileReference; fileEncoding = 4; lastKnownFileType = file.xib; name = "LoginViewController~ipad.xib"; path = "Classes/LoginViewController~ipad.xib"; sourceTree = SOURCE_ROOT; };
		EB7FFE82175098270012042C /* LoginViewController~iphone.xib */ = {isa = PBXFileReference; fileEncoding = 4; lastKnownFileType = file.xib; name = "LoginViewController~iphone.xib"; path = "Classes/LoginViewController~iphone.xib"; sourceTree = SOURCE_ROOT; };
		EB7FFE83175098270012042C /* NegocioPresente-Info.plist */ = {isa = PBXFileReference; fileEncoding = 4; lastKnownFileType = text.plist.xml; name = "NegocioPresente-Info.plist"; path = "Classes/NegocioPresente-Info.plist"; sourceTree = SOURCE_ROOT; };
		EB7FFE84175098270012042C /* ProjectsItemViewCell.h */ = {isa = PBXFileReference; fileEncoding = 4; lastKnownFileType = sourcecode.c.h; name = ProjectsItemViewCell.h; path = Classes/ProjectsItemViewCell.h; sourceTree = SOURCE_ROOT; };
		EB7FFE85175098270012042C /* GroupsViewController.h */ = {isa = PBXFileReference; fileEncoding = 4; lastKnownFileType = sourcecode.c.h; name = GroupsViewController.h; path = Classes/GroupsViewController.h; sourceTree = SOURCE_ROOT; };
		EB7FFE86175098270012042C /* MembersViewController.h */ = {isa = PBXFileReference; fileEncoding = 4; lastKnownFileType = sourcecode.c.h; name = MembersViewController.h; path = Classes/MembersViewController.h; sourceTree = SOURCE_ROOT; };
		EB7FFE87175098270012042C /* ConsultantsViewController.h */ = {isa = PBXFileReference; fileEncoding = 4; lastKnownFileType = sourcecode.c.h; name = ConsultantsViewController.h; path = Classes/ConsultantsViewController.h; sourceTree = SOURCE_ROOT; };
		EB7FFE88175098270012042C /* ClientsViewController.h */ = {isa = PBXFileReference; fileEncoding = 4; lastKnownFileType = sourcecode.c.h; name = ClientsViewController.h; path = Classes/ClientsViewController.h; sourceTree = SOURCE_ROOT; };
		EBC24E8A165C94140082FF32 /* texturaCinza.png */ = {isa = PBXFileReference; lastKnownFileType = image.png; path = texturaCinza.png; sourceTree = "<group>"; };
		EBC24E8B165C94140082FF32 /* texturaMadeira.png */ = {isa = PBXFileReference; lastKnownFileType = image.png; path = texturaMadeira.png; sourceTree = "<group>"; };
		EBC24E8C165C94140082FF32 /* texturaPapel.png */ = {isa = PBXFileReference; lastKnownFileType = image.png; path = texturaPapel.png; sourceTree = "<group>"; };
		EBC24E8D165C94140082FF32 /* texturaQuadro.png */ = {isa = PBXFileReference; lastKnownFileType = image.png; path = texturaQuadro.png; sourceTree = "<group>"; };
		EBFE2F651669DA93003BF8CA /* logoNP@2x.png */ = {isa = PBXFileReference; lastKnownFileType = image.png; path = "logoNP@2x.png"; sourceTree = "<group>"; };
		EBFE2F671669DAAD003BF8CA /* logoNP@2x.png */ = {isa = PBXFileReference; lastKnownFileType = image.png; path = "logoNP@2x.png"; sourceTree = "<group>"; };
/* End PBXFileReference section */

/* Begin PBXFrameworksBuildPhase section */
		EB40F63C165C0BED00DB343C /* Frameworks */ = {
			isa = PBXFrameworksBuildPhase;
			buildActionMask = 2147483647;
			files = (
				EB0D199C165DABEE008E2FFB /* libsqlite3.dylib in Frameworks */,
				EB40F697165C121900DB343C /* QuartzCore.framework in Frameworks */,
				EB40F644165C0BED00DB343C /* UIKit.framework in Frameworks */,
				EB40F646165C0BED00DB343C /* Foundation.framework in Frameworks */,
				EB40F648165C0BED00DB343C /* CoreGraphics.framework in Frameworks */,
			);
			runOnlyForDeploymentPostprocessing = 0;
		};
/* End PBXFrameworksBuildPhase section */

/* Begin PBXGroup section */
		EB0D19C4165DEAD3008E2FFB /* UICustomViewControllers */ = {
			isa = PBXGroup;
			children = (
				EB7FFE111750951F0012042C /* InfoContainerViewController.h */,
				EB7FFE121750951F0012042C /* InfoContainerViewController.m */,
				EB7FFE131750951F0012042C /* UILoadingView.h */,
				EB7FFE141750951F0012042C /* UILoadingView.m */,
				EB7FFE151750951F0012042C /* UIScrollViewInfinitePagingController.h */,
				EB7FFE161750951F0012042C /* UIScrollViewInfinitePagingController.m */,
				EB7FFE171750951F0012042C /* UIScrollViewInfinitePagingController~ipad.xib */,
				EB7FFE181750951F0012042C /* UIScrollViewInfinitePagingController~iphone.xib */,
				EB7FFE191750951F0012042C /* UITableViewDataCell.h */,
				EB7FFE1A1750951F0012042C /* UITableViewDataController.h */,
				EB7FFE1B1750951F0012042C /* UITableViewDataController.m */,
			);
			name = UICustomViewControllers;
			sourceTree = "<group>";
		};
		EB3938FA16654A4E00580A4E /* NSString+HTML */ = {
			isa = PBXGroup;
			children = (
				EB3938FB16654A4E00580A4E /* GTMNSString+HTML.h */,
				EB3938FC16654A4E00580A4E /* GTMNSString+HTML.m */,
				EB3938FD16654A4E00580A4E /* NSString+HTML.h */,
				EB3938FE16654A4E00580A4E /* NSString+HTML.m */,
			);
			name = "NSString+HTML";
			path = "NegocioPresente/NSString+HTML";
			sourceTree = "<group>";
		};
		EB3938FF16654A4E00580A4E /* PaperFoldMenuController */ = {
			isa = PBXGroup;
			children = (
				EB39390016654A4E00580A4E /* PaperFold */,
				EB39391516654A4E00580A4E /* PaperFoldMenuController.h */,
				EB39391616654A4E00580A4E /* PaperFoldMenuController.m */,
				EB39391716654A4E00580A4E /* PaperFoldMenuControllerDelegate.h */,
			);
			name = PaperFoldMenuController;
			path = NegocioPresente/PaperFoldMenuController;
			sourceTree = "<group>";
		};
		EB39390016654A4E00580A4E /* PaperFold */ = {
			isa = PBXGroup;
			children = (
				EB39390116654A4E00580A4E /* FacingView.h */,
				EB39390216654A4E00580A4E /* FacingView.m */,
				EB39390316654A4E00580A4E /* FoldView.h */,
				EB39390416654A4E00580A4E /* FoldView.m */,
				EB39390516654A4E00580A4E /* MultiFoldView.h */,
				EB39390616654A4E00580A4E /* MultiFoldView.m */,
				EB39390716654A4E00580A4E /* PaperFoldConstants.h */,
				EB39390816654A4E00580A4E /* PaperFoldNavigationController.h */,
				EB39390916654A4E00580A4E /* PaperFoldNavigationController.m */,
				EB39390A16654A4E00580A4E /* PaperFoldResources.bundle */,
				EB39390B16654A4E00580A4E /* PaperFoldSwipeHintView.h */,
				EB39390C16654A4E00580A4E /* PaperFoldSwipeHintView.m */,
				EB39390D16654A4E00580A4E /* PaperFoldView.h */,
				EB39390E16654A4E00580A4E /* PaperFoldView.m */,
				EB39390F16654A4E00580A4E /* ShadowView.h */,
				EB39391016654A4E00580A4E /* ShadowView.m */,
				EB39391116654A4E00580A4E /* TouchThroughUIView.h */,
				EB39391216654A4E00580A4E /* TouchThroughUIView.m */,
				EB39391316654A4E00580A4E /* UIView+Screenshot.h */,
				EB39391416654A4E00580A4E /* UIView+Screenshot.m */,
			);
			path = PaperFold;
			sourceTree = "<group>";
		};
		EB40F634165C0BED00DB343C = {
			isa = PBXGroup;
			children = (
				EBFE2F671669DAAD003BF8CA /* logoNP@2x.png */,
				EB3938FA16654A4E00580A4E /* NSString+HTML */,
				EB61B33116A9C807001BF77D /* PSTCollectionView */,
				EB3938FF16654A4E00580A4E /* PaperFoldMenuController */,
				EB0D19C4165DEAD3008E2FFB /* UICustomViewControllers */,
				EB40F649165C0BED00DB343C /* NegocioPresente */,
				EB40F642165C0BED00DB343C /* Frameworks */,
				EB40F640165C0BED00DB343C /* Products */,
			);
			sourceTree = "<group>";
		};
		EB40F640165C0BED00DB343C /* Products */ = {
			isa = PBXGroup;
			children = (
				EB40F63F165C0BED00DB343C /* NegocioPresente.app */,
			);
			name = Products;
			sourceTree = "<group>";
		};
		EB40F642165C0BED00DB343C /* Frameworks */ = {
			isa = PBXGroup;
			children = (
				EB0D199B165DABEE008E2FFB /* libsqlite3.dylib */,
				EB40F696165C121900DB343C /* QuartzCore.framework */,
				EB40F643165C0BED00DB343C /* UIKit.framework */,
				EB40F645165C0BED00DB343C /* Foundation.framework */,
				EB40F647165C0BED00DB343C /* CoreGraphics.framework */,
			);
			name = Frameworks;
			sourceTree = "<group>";
		};
		EB40F649165C0BED00DB343C /* NegocioPresente */ = {
			isa = PBXGroup;
			children = (
				EB7FFE29175097E70012042C /* APIController.m */,
				EB7FFE2A175097E70012042C /* WrapperViewController.m */,
				EB7FFE2B175097E70012042C /* PanelViewController.m */,
				EB7FFE2C175097E70012042C /* ProjectsTableViewController.m */,
				EB7FFE2D175097E70012042C /* PostViewController.m */,
				EB7FFE88175098270012042C /* ClientsViewController.h */,
				EB7FFE2E175097E70012042C /* ClientsViewController.m */,
				EB7FFE2F175097E70012042C /* ConsultantsViewController.m */,
				EB7FFE30175097E70012042C /* GroupsViewController.m */,
				EB7FFE66175098140012042C /* ProjectsItemViewCell.m */,
				EB7FFE68175098140012042C /* CardViewController.h */,
				EB7FFE67175098140012042C /* CardViewController.m */,
				EB7FFE69175098140012042C /* GroupsViewController_iPhone.xib */,
				EB7FFE6A175098140012042C /* ClientsViewController_iPhone.xib */,
				EB7FFE80175098270012042C /* LoginViewController.h */,
				EB7FFE81175098270012042C /* LoginViewController~ipad.xib */,
				EB7FFE82175098270012042C /* LoginViewController~iphone.xib */,
				EB7FFE83175098270012042C /* NegocioPresente-Info.plist */,
				EB7FFE84175098270012042C /* ProjectsItemViewCell.h */,
				EB7FFE85175098270012042C /* GroupsViewController.h */,
				EB7FFE86175098270012042C /* MembersViewController.h */,
				EB7FFE87175098270012042C /* ConsultantsViewController.h */,
				EB7FFE6B175098140012042C /* ConsultantsViewController_iPhone.xib */,
				EB7FFE6C175098140012042C /* DatabaseViewController.h */,
				EB7FFE6D175098140012042C /* DatabaseViewController.m */,
				EB7FFE6E175098140012042C /* PresencaViewController_iPhone.xib */,
				EB7FFE6F175098140012042C /* CardViewController_iPhone.xib */,
				EB7FFE70175098140012042C /* ProjectsItemViewCell.xib */,
				EB7FFE71175098140012042C /* PresencaViewController.m */,
				EB7FFE72175098140012042C /* PresencaViewController.h */,
				EB7FFE73175098140012042C /* main.m */,
				EB7FFE74175098140012042C /* NegocioPresente-Prefix.pch */,
				EB7FFE31175097E70012042C /* ProjectsViewController.m */,
				EB7FFE32175097E70012042C /* LoginViewController.m */,
				EB7FFE33175097E70012042C /* WrapperViewController~iphone.xib */,
				EB7FFE34175097E70012042C /* WrapperViewController~ipad.xib */,
				EB7FFE49175098090012042C /* PanelViewController.h */,
				EB7FFE4A175098090012042C /* BadgeViewController_iPhone.xib */,
				EB7FFE4B175098090012042C /* UtilitiesController.h */,
				EB7FFE4C175098090012042C /* UtilitiesController.m */,
				EB7FFE4D175098090012042C /* MembersViewController_iPhone.xib */,
				EB7FFE4E175098090012042C /* BadgeViewController.h */,
				EB7FFE4F175098090012042C /* SlidingMenuViewController.m */,
				EB7FFE50175098090012042C /* AppDelegate.h */,
				EB7FFE51175098090012042C /* SlidingMenuViewController.h */,
				EB7FFE52175098090012042C /* PostViewController.h */,
				EB7FFE53175098090012042C /* PostViewController_iPhone.xib */,
				EB7FFE54175098090012042C /* PanelViewController_iPhone.xib */,
				EB7FFE55175098090012042C /* LogoutViewController.m */,
				EB7FFE56175098090012042C /* LogoutViewController.h */,
				EB7FFE57175098090012042C /* code.m */,
				EB7FFE58175098090012042C /* ProjectsViewController_iPhone.xib */,
				EB7FFE59175098090012042C /* ProjectsViewController.h */,
				EB7FFE5A175098090012042C /* ProjectsTableViewController.xib */,
				EB7FFE5B175098090012042C /* ProjectsTableViewController.h */,
				EB7FFE35175097E70012042C /* WrapperViewController.h */,
				EB7FFE36175097E70012042C /* APIController.h */,
				EB7FFE37175097E70012042C /* MembersViewController.m */,
				EB7FFE38175097E70012042C /* AppDelegate.m */,
				EB7FFE39175097E70012042C /* BadgeViewController.m */,
				EB40F64A165C0BED00DB343C /* Supporting Files */,
			);
			path = NegocioPresente;
			sourceTree = "<group>";
		};
		EB40F64A165C0BED00DB343C /* Supporting Files */ = {
			isa = PBXGroup;
			children = (
				EBFE2F651669DA93003BF8CA /* logoNP@2x.png */,
				EB40F6A4165C139B00DB343C /* cellBg@2x.png */,
				EB40F6A5165C139B00DB343C /* cellBgSelected@2x.png */,
				EBC24E8A165C94140082FF32 /* texturaCinza.png */,
				EBC24E8B165C94140082FF32 /* texturaMadeira.png */,
				EBC24E8C165C94140082FF32 /* texturaPapel.png */,
				EBC24E8D165C94140082FF32 /* texturaQuadro.png */,
				EB40F64B165C0BED00DB343C /* NegocioPresente-Info.plist */,
				EB40F64C165C0BED00DB343C /* InfoPlist.strings */,
				EB40F64F165C0BED00DB343C /* main.m */,
				EB40F651165C0BED00DB343C /* NegocioPresente-Prefix.pch */,
				EB40F655165C0BED00DB343C /* Default.png */,
				EB40F657165C0BED00DB343C /* Default@2x.png */,
				EB0D1999165D9C40008E2FFB /* Default-568h@2x.png */,
			);
			name = "Supporting Files";
			sourceTree = "<group>";
		};
		EB61B33116A9C807001BF77D /* PSTCollectionView */ = {
			isa = PBXGroup;
			children = (
				EB61B33216A9C807001BF77D /* PSTCollectionView.h */,
				EB61B33316A9C807001BF77D /* PSTCollectionView.m */,
				EB61B33416A9C807001BF77D /* PSTCollectionViewCell.h */,
				EB61B33516A9C807001BF77D /* PSTCollectionViewCell.m */,
				EB61B33616A9C807001BF77D /* PSTCollectionViewCommon.h */,
				EB61B33716A9C807001BF77D /* PSTCollectionViewController.h */,
				EB61B33816A9C807001BF77D /* PSTCollectionViewController.m */,
				EB61B33916A9C807001BF77D /* PSTCollectionViewData.h */,
				EB61B33A16A9C807001BF77D /* PSTCollectionViewData.m */,
				EB61B33B16A9C807001BF77D /* PSTCollectionViewFlowLayout.h */,
				EB61B33C16A9C807001BF77D /* PSTCollectionViewFlowLayout.m */,
				EB61B33D16A9C807001BF77D /* PSTCollectionViewItemKey.h */,
				EB61B33E16A9C807001BF77D /* PSTCollectionViewItemKey.m */,
				EB61B33F16A9C807001BF77D /* PSTCollectionViewLayout.h */,
				EB61B34016A9C807001BF77D /* PSTCollectionViewLayout.m */,
				EB61B34116A9C807001BF77D /* PSTCollectionViewUpdateItem.h */,
				EB61B34216A9C807001BF77D /* PSTCollectionViewUpdateItem.m */,
				EB61B34316A9C807001BF77D /* PSTGridLayoutInfo.h */,
				EB61B34416A9C807001BF77D /* PSTGridLayoutInfo.m */,
				EB61B34516A9C807001BF77D /* PSTGridLayoutItem.h */,
				EB61B34616A9C807001BF77D /* PSTGridLayoutItem.m */,
				EB61B34716A9C807001BF77D /* PSTGridLayoutRow.h */,
				EB61B34816A9C807001BF77D /* PSTGridLayoutRow.m */,
				EB61B34916A9C807001BF77D /* PSTGridLayoutSection.h */,
				EB61B34A16A9C807001BF77D /* PSTGridLayoutSection.m */,
			);
			name = PSTCollectionView;
			path = NegocioPresente/PSTCollectionView;
			sourceTree = "<group>";
		};
/* End PBXGroup section */

/* Begin PBXNativeTarget section */
		EB40F63E165C0BED00DB343C /* NegocioPresente */ = {
			isa = PBXNativeTarget;
			buildConfigurationList = EB40F66F165C0BED00DB343C /* Build configuration list for PBXNativeTarget "NegocioPresente" */;
			buildPhases = (
				EB40F63B165C0BED00DB343C /* Sources */,
				EB40F63C165C0BED00DB343C /* Frameworks */,
				EB40F63D165C0BED00DB343C /* Resources */,
			);
			buildRules = (
			);
			dependencies = (
			);
			name = NegocioPresente;
			productName = NegocioPresente;
			productReference = EB40F63F165C0BED00DB343C /* NegocioPresente.app */;
			productType = "com.apple.product-type.application";
		};
/* End PBXNativeTarget section */

/* Begin PBXProject section */
		EB40F636165C0BED00DB343C /* Project object */ = {
			isa = PBXProject;
			attributes = {
				LastUpgradeCheck = 0450;
				ORGANIZATIONNAME = "Pedro Góes";
			};
			buildConfigurationList = EB40F639165C0BED00DB343C /* Build configuration list for PBXProject "NegocioPresente" */;
			compatibilityVersion = "Xcode 3.2";
			developmentRegion = English;
			hasScannedForEncodings = 0;
			knownRegions = (
				en,
			);
			mainGroup = EB40F634165C0BED00DB343C;
			productRefGroup = EB40F640165C0BED00DB343C /* Products */;
			projectDirPath = "";
			projectRoot = "";
			targets = (
				EB40F63E165C0BED00DB343C /* NegocioPresente */,
			);
		};
/* End PBXProject section */

/* Begin PBXResourcesBuildPhase section */
		EB40F63D165C0BED00DB343C /* Resources */ = {
			isa = PBXResourcesBuildPhase;
			buildActionMask = 2147483647;
			files = (
				EB40F64E165C0BED00DB343C /* InfoPlist.strings in Resources */,
				EB40F656165C0BED00DB343C /* Default.png in Resources */,
				EB40F658165C0BED00DB343C /* Default@2x.png in Resources */,
				EB40F6A6165C139B00DB343C /* cellBg@2x.png in Resources */,
				EB40F6A7165C139B00DB343C /* cellBgSelected@2x.png in Resources */,
				EBC24E8E165C94140082FF32 /* texturaCinza.png in Resources */,
				EBC24E8F165C94140082FF32 /* texturaMadeira.png in Resources */,
				EBC24E90165C94140082FF32 /* texturaPapel.png in Resources */,
				EBC24E91165C94140082FF32 /* texturaQuadro.png in Resources */,
				EB0D199A165D9C40008E2FFB /* Default-568h@2x.png in Resources */,
				EB39391E16654A4E00580A4E /* PaperFoldResources.bundle in Resources */,
				EBFE2F661669DA93003BF8CA /* logoNP@2x.png in Resources */,
				EBFE2F691669DB96003BF8CA /* logoNP@2x.png in Resources */,
				EB7FFE1F1750951F0012042C /* UIScrollViewInfinitePagingController~ipad.xib in Resources */,
				EB7FFE201750951F0012042C /* UIScrollViewInfinitePagingController~iphone.xib in Resources */,
				EB7FFE44175097E70012042C /* WrapperViewController~iphone.xib in Resources */,
				EB7FFE45175097E70012042C /* WrapperViewController~ipad.xib in Resources */,
				EB7FFE5C175098090012042C /* BadgeViewController_iPhone.xib in Resources */,
				EB7FFE5E175098090012042C /* MembersViewController_iPhone.xib in Resources */,
				EB7FFE60175098090012042C /* PostViewController_iPhone.xib in Resources */,
				EB7FFE61175098090012042C /* PanelViewController_iPhone.xib in Resources */,
				EB7FFE64175098090012042C /* ProjectsViewController_iPhone.xib in Resources */,
				EB7FFE65175098090012042C /* ProjectsTableViewController.xib in Resources */,
				EB7FFE77175098140012042C /* GroupsViewController_iPhone.xib in Resources */,
				EB7FFE78175098140012042C /* ClientsViewController_iPhone.xib in Resources */,
				EB7FFE79175098140012042C /* ConsultantsViewController_iPhone.xib in Resources */,
				EB7FFE7B175098140012042C /* PresencaViewController_iPhone.xib in Resources */,
				EB7FFE7C175098140012042C /* CardViewController_iPhone.xib in Resources */,
				EB7FFE7D175098140012042C /* ProjectsItemViewCell.xib in Resources */,
				EB7FFE89175098270012042C /* LoginViewController~ipad.xib in Resources */,
				EB7FFE8A175098270012042C /* LoginViewController~iphone.xib in Resources */,
				EB7FFE8B175098270012042C /* NegocioPresente-Info.plist in Resources */,
			);
			runOnlyForDeploymentPostprocessing = 0;
		};
/* End PBXResourcesBuildPhase section */

/* Begin PBXSourcesBuildPhase section */
		EB40F63B165C0BED00DB343C /* Sources */ = {
			isa = PBXSourcesBuildPhase;
			buildActionMask = 2147483647;
			files = (
				EB40F650165C0BED00DB343C /* main.m in Sources */,
				EB39391816654A4E00580A4E /* GTMNSString+HTML.m in Sources */,
				EB39391916654A4E00580A4E /* NSString+HTML.m in Sources */,
				EB39391A16654A4E00580A4E /* FacingView.m in Sources */,
				EB39391B16654A4E00580A4E /* FoldView.m in Sources */,
				EB39391C16654A4E00580A4E /* MultiFoldView.m in Sources */,
				EB39391D16654A4E00580A4E /* PaperFoldNavigationController.m in Sources */,
				EB39391F16654A4E00580A4E /* PaperFoldSwipeHintView.m in Sources */,
				EB39392016654A4E00580A4E /* PaperFoldView.m in Sources */,
				EB39392116654A4E00580A4E /* ShadowView.m in Sources */,
				EB39392216654A4E00580A4E /* TouchThroughUIView.m in Sources */,
				EB39392316654A4E00580A4E /* UIView+Screenshot.m in Sources */,
				EB39392416654A4E00580A4E /* PaperFoldMenuController.m in Sources */,
				EB61B34B16A9C807001BF77D /* PSTCollectionView.m in Sources */,
				EB61B34C16A9C807001BF77D /* PSTCollectionViewCell.m in Sources */,
				EB61B34D16A9C807001BF77D /* PSTCollectionViewController.m in Sources */,
				EB61B34E16A9C807001BF77D /* PSTCollectionViewData.m in Sources */,
				EB61B34F16A9C807001BF77D /* PSTCollectionViewFlowLayout.m in Sources */,
				EB61B35016A9C807001BF77D /* PSTCollectionViewItemKey.m in Sources */,
				EB61B35116A9C807001BF77D /* PSTCollectionViewLayout.m in Sources */,
				EB61B35216A9C807001BF77D /* PSTCollectionViewUpdateItem.m in Sources */,
				EB61B35316A9C807001BF77D /* PSTGridLayoutInfo.m in Sources */,
				EB61B35416A9C807001BF77D /* PSTGridLayoutItem.m in Sources */,
				EB61B35516A9C807001BF77D /* PSTGridLayoutRow.m in Sources */,
				EB61B35616A9C807001BF77D /* PSTGridLayoutSection.m in Sources */,
				EB7FFE1C1750951F0012042C /* InfoContainerViewController.m in Sources */,
				EB7FFE1D1750951F0012042C /* UILoadingView.m in Sources */,
				EB7FFE1E1750951F0012042C /* UIScrollViewInfinitePagingController.m in Sources */,
				EB7FFE211750951F0012042C /* UITableViewDataController.m in Sources */,
				EB7FFE3A175097E70012042C /* APIController.m in Sources */,
				EB7FFE3B175097E70012042C /* WrapperViewController.m in Sources */,
				EB7FFE3C175097E70012042C /* PanelViewController.m in Sources */,
				EB7FFE3D175097E70012042C /* ProjectsTableViewController.m in Sources */,
				EB7FFE3E175097E70012042C /* PostViewController.m in Sources */,
				EB7FFE3F175097E70012042C /* ClientsViewController.m in Sources */,
				EB7FFE40175097E70012042C /* ConsultantsViewController.m in Sources */,
				EB7FFE41175097E70012042C /* GroupsViewController.m in Sources */,
				EB7FFE42175097E70012042C /* ProjectsViewController.m in Sources */,
				EB7FFE43175097E70012042C /* LoginViewController.m in Sources */,
				EB7FFE46175097E70012042C /* MembersViewController.m in Sources */,
				EB7FFE47175097E70012042C /* AppDelegate.m in Sources */,
				EB7FFE48175097E70012042C /* BadgeViewController.m in Sources */,
				EB7FFE5D175098090012042C /* UtilitiesController.m in Sources */,
				EB7FFE5F175098090012042C /* SlidingMenuViewController.m in Sources */,
				EB7FFE62175098090012042C /* LogoutViewController.m in Sources */,
				EB7FFE63175098090012042C /* code.m in Sources */,
				EB7FFE75175098140012042C /* ProjectsItemViewCell.m in Sources */,
				EB7FFE76175098140012042C /* CardViewController.m in Sources */,
				EB7FFE7A175098140012042C /* DatabaseViewController.m in Sources */,
				EB7FFE7E175098140012042C /* PresencaViewController.m in Sources */,
				EB7FFE7F175098140012042C /* main.m in Sources */,
			);
			runOnlyForDeploymentPostprocessing = 0;
		};
/* End PBXSourcesBuildPhase section */

/* Begin PBXVariantGroup section */
		EB40F64C165C0BED00DB343C /* InfoPlist.strings */ = {
			isa = PBXVariantGroup;
			children = (
				EB40F64D165C0BED00DB343C /* en */,
			);
			name = InfoPlist.strings;
			sourceTree = "<group>";
		};
/* End PBXVariantGroup section */

/* Begin XCBuildConfiguration section */
		EB40F66D165C0BED00DB343C /* Debug */ = {
			isa = XCBuildConfiguration;
			buildSettings = {
				ALWAYS_SEARCH_USER_PATHS = NO;
				CLANG_CXX_LANGUAGE_STANDARD = "gnu++0x";
				CLANG_CXX_LIBRARY = "libc++";
				CLANG_ENABLE_OBJC_ARC = YES;
				CLANG_WARN_EMPTY_BODY = YES;
				CLANG_WARN__DUPLICATE_METHOD_MATCH = YES;
				"CODE_SIGN_IDENTITY[sdk=iphoneos*]" = "iPhone Developer";
				COPY_PHASE_STRIP = NO;
				GCC_C_LANGUAGE_STANDARD = gnu99;
				GCC_DYNAMIC_NO_PIC = NO;
				GCC_OPTIMIZATION_LEVEL = 0;
				GCC_PREPROCESSOR_DEFINITIONS = (
					"DEBUG=1",
					"$(inherited)",
				);
				GCC_SYMBOLS_PRIVATE_EXTERN = NO;
				GCC_WARN_ABOUT_RETURN_TYPE = YES;
				GCC_WARN_UNINITIALIZED_AUTOS = YES;
				GCC_WARN_UNUSED_VARIABLE = YES;
				IPHONEOS_DEPLOYMENT_TARGET = 6.0;
				ONLY_ACTIVE_ARCH = YES;
				SDKROOT = iphoneos;
				TARGETED_DEVICE_FAMILY = "1,2";
			};
			name = Debug;
		};
		EB40F66E165C0BED00DB343C /* Release */ = {
			isa = XCBuildConfiguration;
			buildSettings = {
				ALWAYS_SEARCH_USER_PATHS = NO;
				CLANG_CXX_LANGUAGE_STANDARD = "gnu++0x";
				CLANG_CXX_LIBRARY = "libc++";
				CLANG_ENABLE_OBJC_ARC = YES;
				CLANG_WARN_EMPTY_BODY = YES;
				CLANG_WARN__DUPLICATE_METHOD_MATCH = YES;
				"CODE_SIGN_IDENTITY[sdk=iphoneos*]" = "iPhone Developer";
				COPY_PHASE_STRIP = YES;
				GCC_C_LANGUAGE_STANDARD = gnu99;
				GCC_WARN_ABOUT_RETURN_TYPE = YES;
				GCC_WARN_UNINITIALIZED_AUTOS = YES;
				GCC_WARN_UNUSED_VARIABLE = YES;
				IPHONEOS_DEPLOYMENT_TARGET = 6.0;
				OTHER_CFLAGS = "-DNS_BLOCK_ASSERTIONS=1";
				SDKROOT = iphoneos;
				TARGETED_DEVICE_FAMILY = "1,2";
				VALIDATE_PRODUCT = YES;
			};
			name = Release;
		};
		EB40F670165C0BED00DB343C /* Debug */ = {
			isa = XCBuildConfiguration;
			buildSettings = {
				GCC_PRECOMPILE_PREFIX_HEADER = YES;
				GCC_PREFIX_HEADER = "NegocioPresente/NegocioPresente-Prefix.pch";
				INFOPLIST_FILE = "NegocioPresente/NegocioPresente-Info.plist";
				IPHONEOS_DEPLOYMENT_TARGET = 5.0;
				PRODUCT_NAME = "$(TARGET_NAME)";
				WRAPPER_EXTENSION = app;
			};
			name = Debug;
		};
		EB40F671165C0BED00DB343C /* Release */ = {
			isa = XCBuildConfiguration;
			buildSettings = {
				GCC_PRECOMPILE_PREFIX_HEADER = YES;
				GCC_PREFIX_HEADER = "NegocioPresente/NegocioPresente-Prefix.pch";
				INFOPLIST_FILE = "NegocioPresente/NegocioPresente-Info.plist";
				IPHONEOS_DEPLOYMENT_TARGET = 5.0;
				PRODUCT_NAME = "$(TARGET_NAME)";
				WRAPPER_EXTENSION = app;
			};
			name = Release;
		};
/* End XCBuildConfiguration section */

/* Begin XCConfigurationList section */
		EB40F639165C0BED00DB343C /* Build configuration list for PBXProject "NegocioPresente" */ = {
			isa = XCConfigurationList;
			buildConfigurations = (
				EB40F66D165C0BED00DB343C /* Debug */,
				EB40F66E165C0BED00DB343C /* Release */,
			);
			defaultConfigurationIsVisible = 0;
			defaultConfigurationName = Release;
		};
		EB40F66F165C0BED00DB343C /* Build configuration list for PBXNativeTarget "NegocioPresente" */ = {
			isa = XCConfigurationList;
			buildConfigurations = (
				EB40F670165C0BED00DB343C /* Debug */,
				EB40F671165C0BED00DB343C /* Release */,
			);
			defaultConfigurationIsVisible = 0;
			defaultConfigurationName = Release;
		};
/* End XCConfigurationList section */
	};
	rootObject = EB40F636165C0BED00DB343C /* Project object */;
}
